// !$*UTF8*$!
{
	archiveVersion = 1;
	classes = {
	};
	objectVersion = 46;
	objects = {

/* Begin PBXBuildFile section */
		AD9025091DE2803300128362 /* AppDelegate.swift in Sources */ = {isa = PBXBuildFile; fileRef = AD9025081DE2803300128362 /* AppDelegate.swift */; };
		AD90250B1DE2803300128362 /* ViewController.swift in Sources */ = {isa = PBXBuildFile; fileRef = AD90250A1DE2803300128362 /* ViewController.swift */; };
		AD90250E1DE2803300128362 /* Main.storyboard in Resources */ = {isa = PBXBuildFile; fileRef = AD90250C1DE2803300128362 /* Main.storyboard */; };
		AD9025101DE2803300128362 /* Assets.xcassets in Resources */ = {isa = PBXBuildFile; fileRef = AD90250F1DE2803300128362 /* Assets.xcassets */; };
		AD9025131DE2803300128362 /* LaunchScreen.storyboard in Resources */ = {isa = PBXBuildFile; fileRef = AD9025111DE2803300128362 /* LaunchScreen.storyboard */; };
/* End PBXBuildFile section */

/* Begin PBXFileReference section */
		AD9025051DE2803300128362 /* SaveTheKitties.app */ = {isa = PBXFileReference; explicitFileType = wrapper.application; includeInIndex = 0; path = SaveTheKitties.app; sourceTree = BUILT_PRODUCTS_DIR; };
		AD9025081DE2803300128362 /* AppDelegate.swift */ = {isa = PBXFileReference; lastKnownFileType = sourcecode.swift; path = AppDelegate.swift; sourceTree = "<group>"; };
		AD90250A1DE2803300128362 /* ViewController.swift */ = {isa = PBXFileReference; lastKnownFileType = sourcecode.swift; path = ViewController.swift; sourceTree = "<group>"; };
		AD90250D1DE2803300128362 /* Base */ = {isa = PBXFileReference; lastKnownFileType = file.storyboard; name = Base; path = Base.lproj/Main.storyboard; sourceTree = "<group>"; };
		AD90250F1DE2803300128362 /* Assets.xcassets */ = {isa = PBXFileReference; lastKnownFileType = folder.assetcatalog; path = Assets.xcassets; sourceTree = "<group>"; };
		AD9025121DE2803300128362 /* Base */ = {isa = PBXFileReference; lastKnownFileType = file.storyboard; name = Base; path = Base.lproj/LaunchScreen.storyboard; sourceTree = "<group>"; };
		AD9025141DE2803300128362 /* Info.plist */ = {isa = PBXFileReference; lastKnownFileType = text.plist.xml; path = Info.plist; sourceTree = "<group>"; };
/* End PBXFileReference section */

/* Begin PBXFrameworksBuildPhase section */
		AD9025021DE2803300128362 /* Frameworks */ = {
			isa = PBXFrameworksBuildPhase;
			buildActionMask = 2147483647;
			files = (
			);
			runOnlyForDeploymentPostprocessing = 0;
		};
/* End PBXFrameworksBuildPhase section */

/* Begin PBXGroup section */
		AD9024FC1DE2803300128362 = {
			isa = PBXGroup;
			children = (
				AD9025071DE2803300128362 /* SaveTheKitties */,
				AD9025061DE2803300128362 /* Products */,
			);
			sourceTree = "<group>";
		};
		AD9025061DE2803300128362 /* Products */ = {
			isa = PBXGroup;
			children = (
				AD9025051DE2803300128362 /* SaveTheKitties.app */,
			);
			name = Products;
			sourceTree = "<group>";
		};
		AD9025071DE2803300128362 /* SaveTheKitties */ = {
			isa = PBXGroup;
			children = (
				AD9025081DE2803300128362 /* AppDelegate.swift */,
				AD90250A1DE2803300128362 /* ViewController.swift */,
				AD90250C1DE2803300128362 /* Main.storyboard */,
				AD90250F1DE2803300128362 /* Assets.xcassets */,
				AD9025111DE2803300128362 /* LaunchScreen.storyboard */,
				AD9025141DE2803300128362 /* Info.plist */,
			);
			path = SaveTheKitties;
			sourceTree = "<group>";
		};
/* End PBXGroup section */

/* Begin PBXNativeTarget section */
		AD9025041DE2803300128362 /* SaveTheKitties */ = {
			isa = PBXNativeTarget;
			buildConfigurationList = AD9025171DE2803300128362 /* Build configuration list for PBXNativeTarget "SaveTheKitties" */;
			buildPhases = (
				AD9025011DE2803300128362 /* Sources */,
				AD9025021DE2803300128362 /* Frameworks */,
				AD9025031DE2803300128362 /* Resources */,
			);
			buildRules = (
			);
			dependencies = (
			);
			name = SaveTheKitties;
			productName = SaveTheKitties;
			productReference = AD9025051DE2803300128362 /* SaveTheKitties.app */;
			productType = "com.apple.product-type.application";
		};
/* End PBXNativeTarget section */

/* Begin PBXProject section */
		AD9024FD1DE2803300128362 /* Project object */ = {
			isa = PBXProject;
			attributes = {
				LastSwiftUpdateCheck = 0810;
				LastUpgradeCheck = 0810;
				ORGANIZATIONNAME = lain;
				TargetAttributes = {
					AD9025041DE2803300128362 = {
						CreatedOnToolsVersion = 8.1;
						ProvisioningStyle = Automatic;
					};
				};
			};
			buildConfigurationList = AD9025001DE2803300128362 /* Build configuration list for PBXProject "SaveTheKitties" */;
			compatibilityVersion = "Xcode 3.2";
			developmentRegion = English;
			hasScannedForEncodings = 0;
			knownRegions = (
				en,
				Base,
			);
			mainGroup = AD9024FC1DE2803300128362;
			productRefGroup = AD9025061DE2803300128362 /* Products */;
			projectDirPath = "";
			projectRoot = "";
			targets = (
				AD9025041DE2803300128362 /* SaveTheKitties */,
			);
		};
/* End PBXProject section */

/* Begin PBXResourcesBuildPhase section */
		AD9025031DE2803300128362 /* Resources */ = {
			isa = PBXResourcesBuildPhase;
			buildActionMask = 2147483647;
			files = (
				AD9025131DE2803300128362 /* LaunchScreen.storyboard in Resources */,
				AD9025101DE2803300128362 /* Assets.xcassets in Resources */,
				AD90250E1DE2803300128362 /* Main.storyboard in Resources */,
			);
			runOnlyForDeploymentPostprocessing = 0;
		};
/* End PBXResourcesBuildPhase section */

/* Begin PBXSourcesBuildPhase section */
		AD9025011DE2803300128362 /* Sources */ = {
			isa = PBXSourcesBuildPhase;
			buildActionMask = 2147483647;
			files = (
				AD90250B1DE2803300128362 /* ViewController.swift in Sources */,
				AD9025091DE2803300128362 /* AppDelegate.swift in Sources */,
			);
			runOnlyForDeploymentPostprocessing = 0;
		};
/* End PBXSourcesBuildPhase section */

/* Begin PBXVariantGroup section */
		AD90250C1DE2803300128362 /* Main.storyboard */ = {
			isa = PBXVariantGroup;
			children = (
				AD90250D1DE2803300128362 /* Base */,
			);
			name = Main.storyboard;
			sourceTree = "<group>";
		};
		AD9025111DE2803300128362 /* LaunchScreen.storyboard */ = {
			isa = PBXVariantGroup;
			children = (
				AD9025121DE2803300128362 /* Base */,
			);
			name = LaunchScreen.storyboard;
			sourceTree = "<group>";
		};
/* End PBXVariantGroup section */

/* Begin XCBuildConfiguration section */
		AD9025151DE2803300128362 /* Debug */ = {
			isa = XCBuildConfiguration;
			buildSettings = {
				ALWAYS_SEARCH_USER_PATHS = NO;
				CLANG_ANALYZER_NONNULL = YES;
				CLANG_CXX_LANGUAGE_STANDARD = "gnu++0x";
				CLANG_CXX_LIBRARY = "libc++";
				CLANG_ENABLE_MODULES = YES;
				CLANG_ENABLE_OBJC_ARC = YES;
				CLANG_WARN_BOOL_CONVERSION = YES;
				CLANG_WARN_CONSTANT_CONVERSION = YES;
				CLANG_WARN_DIRECT_OBJC_ISA_USAGE = YES_ERROR;
				CLANG_WARN_DOCUMENTATION_COMMENTS = YES;
				CLANG_WARN_EMPTY_BODY = YES;
				CLANG_WARN_ENUM_CONVERSION = YES;
				CLANG_WARN_INFINITE_RECURSION = YES;
				CLANG_WARN_INT_CONVERSION = YES;
				CLANG_WARN_OBJC_ROOT_CLASS = YES_ERROR;
				CLANG_WARN_SUSPICIOUS_MOVES = YES;
				CLANG_WARN_UNREACHABLE_CODE = YES;
				CLANG_WARN__DUPLICATE_METHOD_MATCH = YES;
				"CODE_SIGN_IDENTITY[sdk=iphoneos*]" = "iPhone Developer";
				COPY_PHASE_STRIP = NO;
				DEBUG_INFORMATION_FORMAT = dwarf;
				ENABLE_STRICT_OBJC_MSGSEND = YES;
				ENABLE_TESTABILITY = YES;
				GCC_C_LANGUAGE_STANDARD = gnu99;
				GCC_DYNAMIC_NO_PIC = NO;
				GCC_NO_COMMON_BLOCKS = YES;
				GCC_OPTIMIZATION_LEVEL = 0;
				GCC_PREPROCESSOR_DEFINITIONS = (
					"DEBUG=1",
					"$(inherited)",
				);
				GCC_WARN_64_TO_32_BIT_CONVERSION = YES;
				GCC_WARN_ABOUT_RETURN_TYPE = YES_ERROR;
				GCC_WARN_UNDECLARED_SELECTOR = YES;
				GCC_WARN_UNINITIALIZED_AUTOS = YES_AGGRESSIVE;
				GCC_WARN_UNUSED_FUNCTION = YES;
				GCC_WARN_UNUSED_VARIABLE = YES;
				IPHONEOS_DEPLOYMENT_TARGET = 10.1;
				MTL_ENABLE_DEBUG_INFO = YES;
				ONLY_ACTIVE_ARCH = YES;
				SDKROOT = iphoneos;
				SWIFT_ACTIVE_COMPILATION_CONDITIONS = DEBUG;
				SWIFT_OPTIMIZATION_LEVEL = "-Onone";
			};
			name = Debug;
		};
		AD9025161DE2803300128362 /* Release */ = {
			isa = XCBuildConfiguration;
			buildSettings = {
				ALWAYS_SEARCH_USER_PATHS = NO;
				CLANG_ANALYZER_NONNULL = YES;
				CLANG_CXX_LANGUAGE_STANDARD = "gnu++0x";
				CLANG_CXX_LIBRARY = "libc++";
				CLANG_ENABLE_MODULES = YES;
				CLANG_ENABLE_OBJC_ARC = YES;
				CLANG_WARN_BOOL_CONVERSION = YES;
				CLANG_WARN_CONSTANT_CONVERSION = YES;
				CLANG_WARN_DIRECT_OBJC_ISA_USAGE = YES_ERROR;
				CLANG_WARN_DOCUMENTATION_COMMENTS = YES;
				CLANG_WARN_EMPTY_BODY = YES;
				CLANG_WARN_ENUM_CONVERSION = YES;
				CLANG_WARN_INFINITE_RECURSION = YES;
				CLANG_WARN_INT_CONVERSION = YES;
				CLANG_WARN_OBJC_ROOT_CLASS = YES_ERROR;
				CLANG_WARN_SUSPICIOUS_MOVES = YES;
				CLANG_WARN_UNREACHABLE_CODE = YES;
				CLANG_WARN__DUPLICATE_METHOD_MATCH = YES;
				"CODE_SIGN_IDENTITY[sdk=iphoneos*]" = "iPhone Developer";
				COPY_PHASE_STRIP = NO;
				DEBUG_INFORMATION_FORMAT = "dwarf-with-dsym";
				ENABLE_NS_ASSERTIONS = NO;
				ENABLE_STRICT_OBJC_MSGSEND = YES;
				GCC_C_LANGUAGE_STANDARD = gnu99;
				GCC_NO_COMMON_BLOCKS = YES;
				GCC_WARN_64_TO_32_BIT_CONVERSION = YES;
				GCC_WARN_ABOUT_RETURN_TYPE = YES_ERROR;
				GCC_WARN_UNDECLARED_SELECTOR = YES;
				GCC_WARN_UNINITIALIZED_AUTOS = YES_AGGRESSIVE;
				GCC_WARN_UNUSED_FUNCTION = YES;
				GCC_WARN_UNUSED_VARIABLE = YES;
				IPHONEOS_DEPLOYMENT_TARGET = 10.1;
				MTL_ENABLE_DEBUG_INFO = NO;
				SDKROOT = iphoneos;
				SWIFT_OPTIMIZATION_LEVEL = "-Owholemodule";
				VALIDATE_PRODUCT = YES;
			};
			name = Release;
		};
		AD9025181DE2803300128362 /* Debug */ = {
			isa = XCBuildConfiguration;
			buildSettings = {
				ASSETCATALOG_COMPILER_APPICON_NAME = AppIcon;
				INFOPLIST_FILE = SaveTheKitties/Info.plist;
				LD_RUNPATH_SEARCH_PATHS = "$(inherited) @executable_path/Frameworks";
				PRODUCT_BUNDLE_IDENTIFIER = com.joem.SaveTheKitties;
				PRODUCT_NAME = "$(TARGET_NAME)";
				SWIFT_VERSION = 3.0;
			};
			name = Debug;
		};
		AD9025191DE2803300128362 /* Release */ = {
			isa = XCBuildConfiguration;
			buildSettings = {
				ASSETCATALOG_COMPILER_APPICON_NAME = AppIcon;
				INFOPLIST_FILE = SaveTheKitties/Info.plist;
				LD_RUNPATH_SEARCH_PATHS = "$(inherited) @executable_path/Frameworks";
				PRODUCT_BUNDLE_IDENTIFIER = com.joem.SaveTheKitties;
				PRODUCT_NAME = "$(TARGET_NAME)";
				SWIFT_VERSION = 3.0;
			};
			name = Release;
		};
/* End XCBuildConfiguration section */

/* Begin XCConfigurationList section */
		AD9025001DE2803300128362 /* Build configuration list for PBXProject "SaveTheKitties" */ = {
			isa = XCConfigurationList;
			buildConfigurations = (
				AD9025151DE2803300128362 /* Debug */,
				AD9025161DE2803300128362 /* Release */,
			);
			defaultConfigurationIsVisible = 0;
			defaultConfigurationName = Release;
		};
		AD9025171DE2803300128362 /* Build configuration list for PBXNativeTarget "SaveTheKitties" */ = {
			isa = XCConfigurationList;
			buildConfigurations = (
				AD9025181DE2803300128362 /* Debug */,
				AD9025191DE2803300128362 /* Release */,
			);
			defaultConfigurationIsVisible = 0;
		};
/* End XCConfigurationList section */
	};
	rootObject = AD9024FD1DE2803300128362 /* Project object */;
}
